
Microsoft Visual Studio Solution File, Format Version 12.00
# Visual Studio Version 17
VisualStudioVersion = 17.13.35825.156 d17.13
MinimumVisualStudioVersion = 10.0.40219.1
Project("{FAE04EC0-301F-11D3-BF4B-00C04F79EFBC}") = "CSProjeDemo1.Business", "CSProjeDemo1.Business\CSProjeDemo1.Business.csproj", "{394F5B1F-2B58-4C24-9C9F-8B3422ABACB4}"
EndProject
Project("{FAE04EC0-301F-11D3-BF4B-00C04F79EFBC}") = "CSProjeDemo1.Core", "CSProjeDemo1.Core\CSProjeDemo1.Core.csproj", "{E5D07901-44EE-4B2B-9FB2-C1DFA5F2499F}"
EndProject
Project("{FAE04EC0-301F-11D3-BF4B-00C04F79EFBC}") = "CSProjeDemo1.Data", "CSProjeDemo1.Data\CSProjeDemo1.Data.csproj", "{3121031C-4517-49C8-9533-778BD5210776}"
EndProject
Project("{FAE04EC0-301F-11D3-BF4B-00C04F79EFBC}") = "CSProjeDemo1.App", "CSProjeDemo1.App\CSProjeDemo1.App.csproj", "{45697317-10DD-4C5A-B8F3-73D44EDC7D3C}"
EndProject
Global
	GlobalSection(SolutionConfigurationPlatforms) = preSolution
		Debug|Any CPU = Debug|Any CPU
		Release|Any CPU = Release|Any CPU
	EndGlobalSection
	GlobalSection(ProjectConfigurationPlatforms) = postSolution
		{394F5B1F-2B58-4C24-9C9F-8B3422ABACB4}.Debug|Any CPU.ActiveCfg = Debug|Any CPU
		{394F5B1F-2B58-4C24-9C9F-8B3422ABACB4}.Debug|Any CPU.Build.0 = Debug|Any CPU
		{394F5B1F-2B58-4C24-9C9F-8B3422ABACB4}.Release|Any CPU.ActiveCfg = Release|Any CPU
		{394F5B1F-2B58-4C24-9C9F-8B3422ABACB4}.Release|Any CPU.Build.0 = Release|Any CPU
		{E5D07901-44EE-4B2B-9FB2-C1DFA5F2499F}.Debug|Any CPU.ActiveCfg = Debug|Any CPU
		{E5D07901-44EE-4B2B-9FB2-C1DFA5F2499F}.Debug|Any CPU.Build.0 = Debug|Any CPU
		{E5D07901-44EE-4B2B-9FB2-C1DFA5F2499F}.Release|Any CPU.ActiveCfg = Release|Any CPU
		{E5D07901-44EE-4B2B-9FB2-C1DFA5F2499F}.Release|Any CPU.Build.0 = Release|Any CPU
		{3121031C-4517-49C8-9533-778BD5210776}.Debug|Any CPU.ActiveCfg = Debug|Any CPU
		{3121031C-4517-49C8-9533-778BD5210776}.Debug|Any CPU.Build.0 = Debug|Any CPU
		{3121031C-4517-49C8-9533-778BD5210776}.Release|Any CPU.ActiveCfg = Release|Any CPU
		{3121031C-4517-49C8-9533-778BD5210776}.Release|Any CPU.Build.0 = Release|Any CPU
		{45697317-10DD-4C5A-B8F3-73D44EDC7D3C}.Debug|Any CPU.ActiveCfg = Debug|Any CPU
		{45697317-10DD-4C5A-B8F3-73D44EDC7D3C}.Debug|Any CPU.Build.0 = Debug|Any CPU
		{45697317-10DD-4C5A-B8F3-73D44EDC7D3C}.Release|Any CPU.ActiveCfg = Release|Any CPU
		{45697317-10DD-4C5A-B8F3-73D44EDC7D3C}.Release|Any CPU.Build.0 = Release|Any CPU
	EndGlobalSection
	GlobalSection(SolutionProperties) = preSolution
		HideSolutionNode = FALSE
	EndGlobalSection
	GlobalSection(ExtensibilityGlobals) = postSolution
		SolutionGuid = {3A89ECD0-6FC3-491D-B81F-4AF0D422E501}
	EndGlobalSection
EndGlobal
